<?xml version="1.0" encoding="utf-8"?>
<Project ToolsVersion="4.0" xmlns="http://schemas.microsoft.com/developer/msbuild/2003">
  <ItemGroup>
    <Filter Include="Source Files">
      <UniqueIdentifier>{4FC737F1-C7A5-4376-A066-2A32D752A2FF}</UniqueIdentifier>
      <Extensions>cpp;c;cc;cxx;c++;cppm;ixx;def;odl;idl;hpj;bat;asm;asmx</Extensions>
    </Filter>
    <Filter Include="Header Files">
      <UniqueIdentifier>{93995380-89BD-4b04-88EB-625FBE52EBFB}</UniqueIdentifier>
      <Extensions>h;hh;hpp;hxx;h++;hm;inl;inc;ipp;xsd</Extensions>
    </Filter>
    <Filter Include="Resource Files">
      <UniqueIdentifier>{67DA6AB6-F800-4c08-8B7A-83BB121AAD01}</UniqueIdentifier>
      <Extensions>rc;ico;cur;bmp;dlg;rc2;rct;bin;rgs;gif;jpg;jpeg;jpe;resx;tiff;tif;png;wav;mfcribbon-ms</Extensions>
    </Filter>
  </ItemGroup>
  <ItemGroup>
    <ClCompile Include="VKBase\vk_device.cpp">
      <Filter>Source Files</Filter>
    </ClCompile>
    <ClCompile Include="VKBase\vk_model.cpp">
      <Filter>Source Files</Filter>
    </ClCompile>
    <ClCompile Include="VKBase\vk_pipeline.cpp">
      <Filter>Source Files</Filter>
    </ClCompile>
    <ClCompile Include="VKBase\vk_swapchain.cpp">
      <Filter>Source Files</Filter>
    </ClCompile>
    <ClCompile Include="System\InputMgr.cpp">
      <Filter>Source Files</Filter>
    </ClCompile>
    <ClCompile Include="System\WindowManager.cpp">
      <Filter>Source Files</Filter>
    </ClCompile>
    <ClCompile Include="Tools\camera.cpp">
      <Filter>Source Files</Filter>
    </ClCompile>
    <ClCompile Include="Tools\controller.cpp">
      <Filter>Source Files</Filter>
    </ClCompile>
    <ClCompile Include="VKBase\renderer.cpp">
      <Filter>Source Files</Filter>
    </ClCompile>
    <ClCompile Include="VKBase\vk_buffer.cpp">
      <Filter>Source Files</Filter>
    </ClCompile>
    <ClCompile Include="VKBase\vk_descriptors.cpp">
      <Filter>Source Files</Filter>
    </ClCompile>
    <ClCompile Include="VKBase\vk_texture.cpp">
      <Filter>Source Files</Filter>
    </ClCompile>
  </ItemGroup>
  <ItemGroup>
    <ClInclude Include="VKBase\vk_device.hpp">
      <Filter>Header Files</Filter>
    </ClInclude>
    <ClInclude Include="VKBase\vk_model.hpp">
      <Filter>Header Files</Filter>
    </ClInclude>
    <ClInclude Include="VKBase\vk_pipeline.hpp">
      <Filter>Header Files</Filter>
    </ClInclude>
    <ClInclude Include="VKBase\vk_swapchain.hpp">
      <Filter>Header Files</Filter>
    </ClInclude>
    <ClInclude Include="System\InputMgr.hpp">
      <Filter>Header Files</Filter>
    </ClInclude>
    <ClInclude Include="System\WindowManager.h">
      <Filter>Header Files</Filter>
    </ClInclude>
    <ClInclude Include="Tools\camera.hpp">
      <Filter>Header Files</Filter>
    </ClInclude>
    <ClInclude Include="Tools\controller.hpp">
      <Filter>Header Files</Filter>
    </ClInclude>
    <ClInclude Include="VKBase\renderer.hpp">
      <Filter>Header Files</Filter>
    </ClInclude>
    <ClInclude Include="VKBase\vk_buffer.hpp">
      <Filter>Header Files</Filter>
    </ClInclude>
    <ClInclude Include="VKBase\vk_descriptors.hpp">
      <Filter>Header Files</Filter>
    </ClInclude>
    <ClInclude Include="VKBase\vk_frameinfo.hpp">
      <Filter>Header Files</Filter>
    </ClInclude>
    <ClInclude Include="VKBase\vk_texture.hpp">
      <Filter>Header Files</Filter>
    </ClInclude>
    <ClInclude Include="VKBase\NK_utils.hpp">
      <Filter>Header Files</Filter>
    </ClInclude>
  </ItemGroup>
</Project>